lockfileVersion: 5.4

importers:

  packages/utils:
    specifiers:
      '@types/crypto-js': ^4.2.2
      crypto-js: ^4.1.1
    dependencies:
      crypto-js: 4.2.0
    devDependencies:
      '@types/crypto-js': 4.2.2

packages:

  /@types/crypto-js/4.2.2:
    resolution: {integrity: sha512-sDOLlVbHhXpAUAL0YHDUUwDZf3iN4Bwi4W6a0W0b+QcAezUbRtH4FVb+9J4h+XFPW7l/gQ9F8qC7P+Ec4k8QVQ==}
    dev: true

  /crypto-js/4.2.0:
    resolution: {integrity: sha512-KALDyEYgpY+Rlob/iriUtjV6d5Eq+Y191A5g4UqLAi8CyGP9N1+FdVbkc1SxKc2r4YAYqG8JzO2KGL+AizD70Q==}
    dev: false
